
Microsoft Visual Studio Solution File, Format Version 12.00
# Visual Studio Version 16
VisualStudioVersion = 16.0.30611.23
MinimumVisualStudioVersion = 10.0.40219.1
Project("{9A19103F-16F7-4668-BE54-9A1E7A4F7556}") = "StockTrackingApp", "StockTrackingApp\StockTrackingApp.csproj", "{6C2E0B89-FE68-408F-801B-2D21BD1C0EE8}"
EndProject
Project("{FAE04EC0-301F-11D3-BF4B-00C04F79EFBC}") = "SubscriberAPITest", "SubscriberAPITest\SubscriberAPITest.csproj", "{52CC5180-E9BD-4C24-9358-5F2D918142E2}"
EndProject
Global
	GlobalSection(SolutionConfigurationPlatforms) = preSolution
		Debug|Any CPU = Debug|Any CPU
		Release|Any CPU = Release|Any CPU
	EndGlobalSection
	GlobalSection(ProjectConfigurationPlatforms) = postSolution
		{6C2E0B89-FE68-408F-801B-2D21BD1C0EE8}.Debug|Any CPU.ActiveCfg = Debug|Any CPU
		{6C2E0B89-FE68-408F-801B-2D21BD1C0EE8}.Debug|Any CPU.Build.0 = Debug|Any CPU
		{6C2E0B89-FE68-408F-801B-2D21BD1C0EE8}.Release|Any CPU.ActiveCfg = Release|Any CPU
		{6C2E0B89-FE68-408F-801B-2D21BD1C0EE8}.Release|Any CPU.Build.0 = Release|Any CPU
		{52CC5180-E9BD-4C24-9358-5F2D918142E2}.Debug|Any CPU.ActiveCfg = Debug|Any CPU
		{52CC5180-E9BD-4C24-9358-5F2D918142E2}.Debug|Any CPU.Build.0 = Debug|Any CPU
		{52CC5180-E9BD-4C24-9358-5F2D918142E2}.Release|Any CPU.ActiveCfg = Release|Any CPU
		{52CC5180-E9BD-4C24-9358-5F2D918142E2}.Release|Any CPU.Build.0 = Release|Any CPU
	EndGlobalSection
	GlobalSection(SolutionProperties) = preSolution
		HideSolutionNode = FALSE
	EndGlobalSection
	GlobalSection(ExtensibilityGlobals) = postSolution
		SolutionGuid = {F1122273-20D2-4B2B-ACBB-636147743DC5}
	EndGlobalSection
EndGlobal
